{
	"name": "@heathmont/money-config",
	"version": "2.3.19",
	"lockfileVersion": 2,
	"requires": true,
	"packages": {
		"": {
			"name": "@heathmont/money-config",
			"version": "2.3.17",
			"devDependencies": {
				"world-currencies": "0.0.11"
			}
		},
		"node_modules/world-currencies": {
			"version": "0.0.11",
			"resolved": "https://registry.npmjs.org/world-currencies/-/world-currencies-0.0.11.tgz",
			"integrity": "sha512-0y0+KcLFmg4mXiVHhyRXzswrrpRbTWYfVK0Z8LoFa+6+BINnWPtLhuOTX/uqejUo4mSt1p7p+Sir4hpq2p4NyA==",
			"dev": true
		}
	},
	"dependencies": {
		"world-currencies": {
			"version": "0.0.11",
			"resolved": "https://registry.npmjs.org/world-currencies/-/world-currencies-0.0.11.tgz",
			"integrity": "sha512-0y0+KcLFmg4mXiVHhyRXzswrrpRbTWYfVK0Z8LoFa+6+BINnWPtLhuOTX/uqejUo4mSt1p7p+Sir4hpq2p4NyA==",
			"dev": true
		}
	}
}
