{
	"name": "@heathmont/money-config",
	"version": "2.3.19",
	"lockfileVersion": 2,
	"requires": true,
	"packages": {
		"": {
			"name": "@heathmont/money-config",
			"version": "2.3.17",
			"devDependencies": {
				"world-currencies": "0.0.6"
			}
		},
		"node_modules/world-currencies": {
			"version": "0.0.6",
			"resolved": "https://registry.npmjs.org/world-currencies/-/world-currencies-0.0.6.tgz",
			"integrity": "sha1-3VTfuqcl3rE5sAC0HgPE+Urqu44=",
			"dev": true
		}
	},
	"dependencies": {
		"world-currencies": {
			"version": "0.0.6",
			"resolved": "https://registry.npmjs.org/world-currencies/-/world-currencies-0.0.6.tgz",
			"integrity": "sha1-3VTfuqcl3rE5sAC0HgPE+Urqu44=",
			"dev": true
		}
	}
}
