{
	"name": "@heathmont/money-config",
	"version": "2.3.1",
	"lockfileVersion": 1,
	"requires": true,
	"dependencies": {
		"world-currencies": {
			"version": "0.0.6",
			"resolved": "https://registry.npmjs.org/world-currencies/-/world-currencies-0.0.6.tgz",
			"integrity": "sha1-3VTfuqcl3rE5sAC0HgPE+Urqu44=",
			"dev": true
		}
	}
}
